
Microsoft Visual Studio Solution File, Format Version 12.00
# Visual Studio Version 17
VisualStudioVersion = 17.0.31825.309
MinimumVisualStudioVersion = 10.0.40219.1
Project("{9A19103F-16F7-4668-BE54-9A1E7A4F7556}") = "TolowerExtension", "TolowerExtension.csproj", "{265DC6A1-726E-4B59-8252-F58AE8CEB1AE}"
EndProject
Project("{9A19103F-16F7-4668-BE54-9A1E7A4F7556}") = "TolowerExtension.Tests", "..\intExtensionsTests\TolowerExtension.Tests.csproj", "{2D54957E-8C2F-4968-B73F-DB9C3C50D53E}"
EndProject
Global
	GlobalSection(SolutionConfigurationPlatforms) = preSolution
		Debug|Any CPU = Debug|Any CPU
		Release|Any CPU = Release|Any CPU
	EndGlobalSection
	GlobalSection(ProjectConfigurationPlatforms) = postSolution
		{265DC6A1-726E-4B59-8252-F58AE8CEB1AE}.Debug|Any CPU.ActiveCfg = Debug|Any CPU
		{265DC6A1-726E-4B59-8252-F58AE8CEB1AE}.Debug|Any CPU.Build.0 = Debug|Any CPU
		{265DC6A1-726E-4B59-8252-F58AE8CEB1AE}.Release|Any CPU.ActiveCfg = Release|Any CPU
		{265DC6A1-726E-4B59-8252-F58AE8CEB1AE}.Release|Any CPU.Build.0 = Release|Any CPU
		{2D54957E-8C2F-4968-B73F-DB9C3C50D53E}.Debug|Any CPU.ActiveCfg = Debug|Any CPU
		{2D54957E-8C2F-4968-B73F-DB9C3C50D53E}.Debug|Any CPU.Build.0 = Debug|Any CPU
		{2D54957E-8C2F-4968-B73F-DB9C3C50D53E}.Release|Any CPU.ActiveCfg = Release|Any CPU
		{2D54957E-8C2F-4968-B73F-DB9C3C50D53E}.Release|Any CPU.Build.0 = Release|Any CPU
	EndGlobalSection
	GlobalSection(SolutionProperties) = preSolution
		HideSolutionNode = FALSE
	EndGlobalSection
	GlobalSection(ExtensibilityGlobals) = postSolution
		SolutionGuid = {A62259F1-495B-4FA4-A2AE-1782030E1D0E}
	EndGlobalSection
EndGlobal
